{
  "name": "favoplace",
  "version": "1.0.0",
  "lockfileVersion": 3,
  "requires": true,
  "packages": {
    "": {
      "name": "favoplace",
      "version": "1.0.0",
      "workspaces": [
        "packages/web",
        "packages/api"
      ]
    },
    "node_modules/favoplace-api": {
      "resolved": "packages/api",
      "link": true
    },
    "node_modules/favoplace-web": {
      "resolved": "packages/web",
      "link": true
    },
    "packages/api": {
      "name": "favoplace-api",
      "version": "1.0.0"
    },
    "packages/web": {
      "name": "favoplace-web",
      "version": "1.0.0"
    }
  }
}
